// !$*UTF8*$!
{
	archiveVersion = 1;
	classes = {
	};
	objectVersion = 46;
	objects = {

/* Begin PBXBuildFile section */
		6103A6891F50E8F60051E9F0 /* MapRouteEngine.swift in Sources */ = {isa = PBXBuildFile; fileRef = 6103A6881F50E8F60051E9F0 /* MapRouteEngine.swift */; };
		610EEBE01F56EE8600DCD96F /* anotationDetailPopOverController.swift in Sources */ = {isa = PBXBuildFile; fileRef = 610EEBDE1F56EE8600DCD96F /* anotationDetailPopOverController.swift */; };
		610EEBE11F56EE8600DCD96F /* anotationDetailPopOverController.xib in Resources */ = {isa = PBXBuildFile; fileRef = 610EEBDF1F56EE8600DCD96F /* anotationDetailPopOverController.xib */; };
		61158B701F5385F400BA02DC /* TraceRouteNode.swift in Sources */ = {isa = PBXBuildFile; fileRef = 61158B6F1F5385F400BA02DC /* TraceRouteNode.swift */; };
		61158B721F5396F800BA02DC /* IPLocator.swift in Sources */ = {isa = PBXBuildFile; fileRef = 61158B711F5396F800BA02DC /* IPLocator.swift */; };
		611FA16A1F548B350081928C /* FilesManager.swift in Sources */ = {isa = PBXBuildFile; fileRef = 611FA1691F548B350081928C /* FilesManager.swift */; };
		612AB8991F53035A00FC4CF4 /* Comands.swift in Sources */ = {isa = PBXBuildFile; fileRef = 612AB8981F53035A00FC4CF4 /* Comands.swift */; };
		612AB89B1F5305D900FC4CF4 /* FileComandExtractor.swift in Sources */ = {isa = PBXBuildFile; fileRef = 612AB89A1F5305D900FC4CF4 /* FileComandExtractor.swift */; };
		613B13301F4F338500C5747C /* Conection.swift in Sources */ = {isa = PBXBuildFile; fileRef = 613B132F1F4F338500C5747C /* Conection.swift */; };
		6169AD421F49E63E0016B252 /* AppDelegate.swift in Sources */ = {isa = PBXBuildFile; fileRef = 6169AD411F49E63E0016B252 /* AppDelegate.swift */; };
		6169AD441F49E63E0016B252 /* ViewController.swift in Sources */ = {isa = PBXBuildFile; fileRef = 6169AD431F49E63E0016B252 /* ViewController.swift */; };
		6169AD491F49E63E0016B252 /* Assets.xcassets in Resources */ = {isa = PBXBuildFile; fileRef = 6169AD481F49E63E0016B252 /* Assets.xcassets */; };
		6169AD4C1F49E63E0016B252 /* Main.storyboard in Resources */ = {isa = PBXBuildFile; fileRef = 6169AD4A1F49E63E0016B252 /* Main.storyboard */; };
		6169AD541F49E6ED0016B252 /* KuTcp_Scaner.swift in Sources */ = {isa = PBXBuildFile; fileRef = 6169AD531F49E6ED0016B252 /* KuTcp_Scaner.swift */; };
		6193F08F1F59E6720026C254 /* Kuru_NetHunter.xcdatamodeld in Sources */ = {isa = PBXBuildFile; fileRef = 6193F08D1F59E6720026C254 /* Kuru_NetHunter.xcdatamodeld */; };
		6193F0921F59E7D50026C254 /* Node+CoreDataClass.swift in Sources */ = {isa = PBXBuildFile; fileRef = 6193F0901F59E7D50026C254 /* Node+CoreDataClass.swift */; };
		6193F0931F59E7D50026C254 /* Node+CoreDataProperties.swift in Sources */ = {isa = PBXBuildFile; fileRef = 6193F0911F59E7D50026C254 /* Node+CoreDataProperties.swift */; };
		61A2C9601F578E5B00772D94 /* dataBaseManager.swift in Sources */ = {isa = PBXBuildFile; fileRef = 61A2C95F1F578E5B00772D94 /* dataBaseManager.swift */; };
		61B954DE1F562F530061A3BC /* IpAnotation.swift in Sources */ = {isa = PBXBuildFile; fileRef = 61B954DD1F562F530061A3BC /* IpAnotation.swift */; };
		61C4B80A1F574A3100917528 /* TcpDump.swift in Sources */ = {isa = PBXBuildFile; fileRef = 61C4B8091F574A3100917528 /* TcpDump.swift */; };
/* End PBXBuildFile section */

/* Begin PBXFileReference section */
		6103A6881F50E8F60051E9F0 /* MapRouteEngine.swift */ = {isa = PBXFileReference; fileEncoding = 4; lastKnownFileType = sourcecode.swift; path = MapRouteEngine.swift; sourceTree = "<group>"; };
		610EEBDE1F56EE8600DCD96F /* anotationDetailPopOverController.swift */ = {isa = PBXFileReference; fileEncoding = 4; lastKnownFileType = sourcecode.swift; path = anotationDetailPopOverController.swift; sourceTree = "<group>"; };
		610EEBDF1F56EE8600DCD96F /* anotationDetailPopOverController.xib */ = {isa = PBXFileReference; fileEncoding = 4; lastKnownFileType = file.xib; path = anotationDetailPopOverController.xib; sourceTree = "<group>"; };
		61158B6F1F5385F400BA02DC /* TraceRouteNode.swift */ = {isa = PBXFileReference; fileEncoding = 4; lastKnownFileType = sourcecode.swift; path = TraceRouteNode.swift; sourceTree = "<group>"; };
		61158B711F5396F800BA02DC /* IPLocator.swift */ = {isa = PBXFileReference; fileEncoding = 4; lastKnownFileType = sourcecode.swift; path = IPLocator.swift; sourceTree = "<group>"; };
		611FA1691F548B350081928C /* FilesManager.swift */ = {isa = PBXFileReference; fileEncoding = 4; lastKnownFileType = sourcecode.swift; path = FilesManager.swift; sourceTree = "<group>"; };
		612993771F4D9DAC0098A1ED /* Python_Curl.py */ = {isa = PBXFileReference; fileEncoding = 4; lastKnownFileType = text.script.python; path = Python_Curl.py; sourceTree = "<group>"; };
		612AB8981F53035A00FC4CF4 /* Comands.swift */ = {isa = PBXFileReference; fileEncoding = 4; lastKnownFileType = sourcecode.swift; path = Comands.swift; sourceTree = "<group>"; };
		612AB89A1F5305D900FC4CF4 /* FileComandExtractor.swift */ = {isa = PBXFileReference; fileEncoding = 4; lastKnownFileType = sourcecode.swift; path = FileComandExtractor.swift; sourceTree = "<group>"; };
		613B132F1F4F338500C5747C /* Conection.swift */ = {isa = PBXFileReference; fileEncoding = 4; lastKnownFileType = sourcecode.swift; path = Conection.swift; sourceTree = "<group>"; };
		6169AD3E1F49E63E0016B252 /* Kuru_TcpDump-scan.app */ = {isa = PBXFileReference; explicitFileType = wrapper.application; includeInIndex = 0; path = "Kuru_TcpDump-scan.app"; sourceTree = BUILT_PRODUCTS_DIR; };
		6169AD411F49E63E0016B252 /* AppDelegate.swift */ = {isa = PBXFileReference; lastKnownFileType = sourcecode.swift; path = AppDelegate.swift; sourceTree = "<group>"; };
		6169AD431F49E63E0016B252 /* ViewController.swift */ = {isa = PBXFileReference; lastKnownFileType = sourcecode.swift; lineEnding = 0; path = ViewController.swift; sourceTree = "<group>"; xcLanguageSpecificationIdentifier = xcode.lang.swift; };
		6169AD481F49E63E0016B252 /* Assets.xcassets */ = {isa = PBXFileReference; lastKnownFileType = folder.assetcatalog; path = Assets.xcassets; sourceTree = "<group>"; };
		6169AD4B1F49E63E0016B252 /* Base */ = {isa = PBXFileReference; lastKnownFileType = file.storyboard; name = Base; path = Base.lproj/Main.storyboard; sourceTree = "<group>"; };
		6169AD4D1F49E63E0016B252 /* Info.plist */ = {isa = PBXFileReference; lastKnownFileType = text.plist.xml; path = Info.plist; sourceTree = "<group>"; };
		6169AD531F49E6ED0016B252 /* KuTcp_Scaner.swift */ = {isa = PBXFileReference; fileEncoding = 4; lastKnownFileType = sourcecode.swift; lineEnding = 0; path = KuTcp_Scaner.swift; sourceTree = "<group>"; xcLanguageSpecificationIdentifier = xcode.lang.swift; };
		6193F08E1F59E6720026C254 /* Kuru_NetHunter.xcdatamodel */ = {isa = PBXFileReference; lastKnownFileType = wrapper.xcdatamodel; path = Kuru_NetHunter.xcdatamodel; sourceTree = "<group>"; };
		6193F0901F59E7D50026C254 /* Node+CoreDataClass.swift */ = {isa = PBXFileReference; fileEncoding = 4; lastKnownFileType = sourcecode.swift; path = "Node+CoreDataClass.swift"; sourceTree = "<group>"; };
		6193F0911F59E7D50026C254 /* Node+CoreDataProperties.swift */ = {isa = PBXFileReference; fileEncoding = 4; lastKnownFileType = sourcecode.swift; path = "Node+CoreDataProperties.swift"; sourceTree = "<group>"; };
		61A2C95F1F578E5B00772D94 /* dataBaseManager.swift */ = {isa = PBXFileReference; fileEncoding = 4; lastKnownFileType = sourcecode.swift; lineEnding = 0; name = dataBaseManager.swift; path = "Kuru_TcpDump-scan/dataBaseManager.swift"; sourceTree = "<group>"; xcLanguageSpecificationIdentifier = xcode.lang.swift; };
		61B954DD1F562F530061A3BC /* IpAnotation.swift */ = {isa = PBXFileReference; fileEncoding = 4; lastKnownFileType = sourcecode.swift; path = IpAnotation.swift; sourceTree = "<group>"; };
		61C4B8091F574A3100917528 /* TcpDump.swift */ = {isa = PBXFileReference; fileEncoding = 4; lastKnownFileType = sourcecode.swift; lineEnding = 0; path = TcpDump.swift; sourceTree = "<group>"; xcLanguageSpecificationIdentifier = xcode.lang.swift; };
/* End PBXFileReference section */

/* Begin PBXFrameworksBuildPhase section */
		6169AD3B1F49E63D0016B252 /* Frameworks */ = {
			isa = PBXFrameworksBuildPhase;
			buildActionMask = 2147483647;
			files = (
			);
			runOnlyForDeploymentPostprocessing = 0;
		};
/* End PBXFrameworksBuildPhase section */

/* Begin PBXGroup section */
		616706E71F4EED0700F76988 /* CoreData */ = {
			isa = PBXGroup;
			children = (
				61A2C95F1F578E5B00772D94 /* dataBaseManager.swift */,
			);
			name = CoreData;
			sourceTree = "<group>";
		};
		6169AD351F49E63D0016B252 = {
			isa = PBXGroup;
			children = (
				6193F0901F59E7D50026C254 /* Node+CoreDataClass.swift */,
				6193F0911F59E7D50026C254 /* Node+CoreDataProperties.swift */,
				616706E71F4EED0700F76988 /* CoreData */,
				6169AD401F49E63E0016B252 /* Kuru_TcpDump-scan */,
				6169AD3F1F49E63E0016B252 /* Products */,
			);
			sourceTree = "<group>";
		};
		6169AD3F1F49E63E0016B252 /* Products */ = {
			isa = PBXGroup;
			children = (
				6169AD3E1F49E63E0016B252 /* Kuru_TcpDump-scan.app */,
			);
			name = Products;
			sourceTree = "<group>";
		};
		6169AD401F49E63E0016B252 /* Kuru_TcpDump-scan */ = {
			isa = PBXGroup;
			children = (
				61C4B8081F5749FC00917528 /* Comands */,
				61B954531F56248E0061A3BC /* Map */,
				6169AD411F49E63E0016B252 /* AppDelegate.swift */,
				6169AD431F49E63E0016B252 /* ViewController.swift */,
				6169AD531F49E6ED0016B252 /* KuTcp_Scaner.swift */,
				611FA1691F548B350081928C /* FilesManager.swift */,
				61158B711F5396F800BA02DC /* IPLocator.swift */,
				613B132F1F4F338500C5747C /* Conection.swift */,
				61A2C95E1F578C7D00772D94 /* Suported */,
			);
			path = "Kuru_TcpDump-scan";
			sourceTree = "<group>";
		};
		61A2C95E1F578C7D00772D94 /* Suported */ = {
			isa = PBXGroup;
			children = (
				6169AD481F49E63E0016B252 /* Assets.xcassets */,
				6169AD4A1F49E63E0016B252 /* Main.storyboard */,
				6169AD4D1F49E63E0016B252 /* Info.plist */,
				612993771F4D9DAC0098A1ED /* Python_Curl.py */,
				6193F08D1F59E6720026C254 /* Kuru_NetHunter.xcdatamodeld */,
			);
			name = Suported;
			sourceTree = "<group>";
		};
		61B954531F56248E0061A3BC /* Map */ = {
			isa = PBXGroup;
			children = (
				6103A6881F50E8F60051E9F0 /* MapRouteEngine.swift */,
				61B954DD1F562F530061A3BC /* IpAnotation.swift */,
				610EEBDE1F56EE8600DCD96F /* anotationDetailPopOverController.swift */,
				610EEBDF1F56EE8600DCD96F /* anotationDetailPopOverController.xib */,
			);
			name = Map;
			sourceTree = "<group>";
		};
		61C4B8081F5749FC00917528 /* Comands */ = {
			isa = PBXGroup;
			children = (
				61C4B8091F574A3100917528 /* TcpDump.swift */,
				612AB8981F53035A00FC4CF4 /* Comands.swift */,
				61158B6F1F5385F400BA02DC /* TraceRouteNode.swift */,
				612AB89A1F5305D900FC4CF4 /* FileComandExtractor.swift */,
			);
			name = Comands;
			sourceTree = "<group>";
		};
/* End PBXGroup section */

/* Begin PBXNativeTarget section */
		6169AD3D1F49E63D0016B252 /* Kuru_TcpDump-scan */ = {
			isa = PBXNativeTarget;
			buildConfigurationList = 6169AD501F49E63E0016B252 /* Build configuration list for PBXNativeTarget "Kuru_TcpDump-scan" */;
			buildPhases = (
				6169AD3A1F49E63D0016B252 /* Sources */,
				6169AD3B1F49E63D0016B252 /* Frameworks */,
				6169AD3C1F49E63D0016B252 /* Resources */,
			);
			buildRules = (
			);
			dependencies = (
			);
			name = "Kuru_TcpDump-scan";
			productName = "Kuru_TcpDump-scan";
			productReference = 6169AD3E1F49E63E0016B252 /* Kuru_TcpDump-scan.app */;
			productType = "com.apple.product-type.application";
		};
/* End PBXNativeTarget section */

/* Begin PBXProject section */
		6169AD361F49E63D0016B252 /* Project object */ = {
			isa = PBXProject;
			attributes = {
				LastSwiftUpdateCheck = 0830;
				LastUpgradeCheck = 0830;
				ORGANIZATIONNAME = Kurushetra;
				TargetAttributes = {
					6169AD3D1F49E63D0016B252 = {
						CreatedOnToolsVersion = 8.3.3;
						DevelopmentTeam = TFF2HTL4NS;
						ProvisioningStyle = Automatic;
					};
				};
			};
			buildConfigurationList = 6169AD391F49E63D0016B252 /* Build configuration list for PBXProject "Kuru_TcpDump-scan" */;
			compatibilityVersion = "Xcode 3.2";
			developmentRegion = English;
			hasScannedForEncodings = 0;
			knownRegions = (
				en,
				Base,
				de,
				es,
				fr,
				hu,
				it,
			);
			mainGroup = 6169AD351F49E63D0016B252;
			productRefGroup = 6169AD3F1F49E63E0016B252 /* Products */;
			projectDirPath = "";
			projectRoot = "";
			targets = (
				6169AD3D1F49E63D0016B252 /* Kuru_TcpDump-scan */,
			);
		};
/* End PBXProject section */

/* Begin PBXResourcesBuildPhase section */
		6169AD3C1F49E63D0016B252 /* Resources */ = {
			isa = PBXResourcesBuildPhase;
			buildActionMask = 2147483647;
			files = (
				610EEBE11F56EE8600DCD96F /* anotationDetailPopOverController.xib in Resources */,
				6169AD491F49E63E0016B252 /* Assets.xcassets in Resources */,
				6169AD4C1F49E63E0016B252 /* Main.storyboard in Resources */,
			);
			runOnlyForDeploymentPostprocessing = 0;
		};
/* End PBXResourcesBuildPhase section */

/* Begin PBXSourcesBuildPhase section */
		6169AD3A1F49E63D0016B252 /* Sources */ = {
			isa = PBXSourcesBuildPhase;
			buildActionMask = 2147483647;
			files = (
				61C4B80A1F574A3100917528 /* TcpDump.swift in Sources */,
				6169AD441F49E63E0016B252 /* ViewController.swift in Sources */,
				61B954DE1F562F530061A3BC /* IpAnotation.swift in Sources */,
				612AB89B1F5305D900FC4CF4 /* FileComandExtractor.swift in Sources */,
				61158B721F5396F800BA02DC /* IPLocator.swift in Sources */,
				6169AD421F49E63E0016B252 /* AppDelegate.swift in Sources */,
				61A2C9601F578E5B00772D94 /* dataBaseManager.swift in Sources */,
				612AB8991F53035A00FC4CF4 /* Comands.swift in Sources */,
				6103A6891F50E8F60051E9F0 /* MapRouteEngine.swift in Sources */,
				6193F0931F59E7D50026C254 /* Node+CoreDataProperties.swift in Sources */,
				61158B701F5385F400BA02DC /* TraceRouteNode.swift in Sources */,
				610EEBE01F56EE8600DCD96F /* anotationDetailPopOverController.swift in Sources */,
				611FA16A1F548B350081928C /* FilesManager.swift in Sources */,
				613B13301F4F338500C5747C /* Conection.swift in Sources */,
				6193F0921F59E7D50026C254 /* Node+CoreDataClass.swift in Sources */,
				6169AD541F49E6ED0016B252 /* KuTcp_Scaner.swift in Sources */,
				6193F08F1F59E6720026C254 /* Kuru_NetHunter.xcdatamodeld in Sources */,
			);
			runOnlyForDeploymentPostprocessing = 0;
		};
/* End PBXSourcesBuildPhase section */

/* Begin PBXVariantGroup section */
		6169AD4A1F49E63E0016B252 /* Main.storyboard */ = {
			isa = PBXVariantGroup;
			children = (
				6169AD4B1F49E63E0016B252 /* Base */,
			);
			name = Main.storyboard;
			sourceTree = "<group>";
		};
/* End PBXVariantGroup section */

/* Begin XCBuildConfiguration section */
		6169AD4E1F49E63E0016B252 /* Debug */ = {
			isa = XCBuildConfiguration;
			buildSettings = {
				ALWAYS_SEARCH_USER_PATHS = NO;
				CLANG_ANALYZER_NONNULL = YES;
				CLANG_ANALYZER_NUMBER_OBJECT_CONVERSION = YES_AGGRESSIVE;
				CLANG_CXX_LANGUAGE_STANDARD = "gnu++0x";
				CLANG_CXX_LIBRARY = "libc++";
				CLANG_ENABLE_MODULES = YES;
				CLANG_ENABLE_OBJC_ARC = YES;
				CLANG_WARN_BOOL_CONVERSION = YES;
				CLANG_WARN_CONSTANT_CONVERSION = YES;
				CLANG_WARN_DIRECT_OBJC_ISA_USAGE = YES_ERROR;
				CLANG_WARN_DOCUMENTATION_COMMENTS = YES;
				CLANG_WARN_EMPTY_BODY = YES;
				CLANG_WARN_ENUM_CONVERSION = YES;
				CLANG_WARN_INFINITE_RECURSION = YES;
				CLANG_WARN_INT_CONVERSION = YES;
				CLANG_WARN_OBJC_ROOT_CLASS = YES_ERROR;
				CLANG_WARN_SUSPICIOUS_MOVE = YES;
				CLANG_WARN_UNREACHABLE_CODE = YES;
				CLANG_WARN__DUPLICATE_METHOD_MATCH = YES;
				CODE_SIGN_IDENTITY = "-";
				COPY_PHASE_STRIP = NO;
				DEBUG_INFORMATION_FORMAT = dwarf;
				ENABLE_STRICT_OBJC_MSGSEND = YES;
				ENABLE_TESTABILITY = YES;
				GCC_C_LANGUAGE_STANDARD = gnu99;
				GCC_DYNAMIC_NO_PIC = NO;
				GCC_NO_COMMON_BLOCKS = YES;
				GCC_OPTIMIZATION_LEVEL = 0;
				GCC_PREPROCESSOR_DEFINITIONS = (
					"DEBUG=1",
					"$(inherited)",
				);
				GCC_WARN_64_TO_32_BIT_CONVERSION = YES;
				GCC_WARN_ABOUT_RETURN_TYPE = YES_ERROR;
				GCC_WARN_UNDECLARED_SELECTOR = YES;
				GCC_WARN_UNINITIALIZED_AUTOS = YES_AGGRESSIVE;
				GCC_WARN_UNUSED_FUNCTION = YES;
				GCC_WARN_UNUSED_VARIABLE = YES;
				MACOSX_DEPLOYMENT_TARGET = 10.12;
				MTL_ENABLE_DEBUG_INFO = YES;
				ONLY_ACTIVE_ARCH = YES;
				SDKROOT = macosx;
				SWIFT_ACTIVE_COMPILATION_CONDITIONS = DEBUG;
				SWIFT_OPTIMIZATION_LEVEL = "-Onone";
				SWIFT_VERSION = 3.0;
			};
			name = Debug;
		};
		6169AD4F1F49E63E0016B252 /* Release */ = {
			isa = XCBuildConfiguration;
			buildSettings = {
				ALWAYS_SEARCH_USER_PATHS = NO;
				CLANG_ANALYZER_NONNULL = YES;
				CLANG_ANALYZER_NUMBER_OBJECT_CONVERSION = YES_AGGRESSIVE;
				CLANG_CXX_LANGUAGE_STANDARD = "gnu++0x";
				CLANG_CXX_LIBRARY = "libc++";
				CLANG_ENABLE_MODULES = YES;
				CLANG_ENABLE_OBJC_ARC = YES;
				CLANG_WARN_BOOL_CONVERSION = YES;
				CLANG_WARN_CONSTANT_CONVERSION = YES;
				CLANG_WARN_DIRECT_OBJC_ISA_USAGE = YES_ERROR;
				CLANG_WARN_DOCUMENTATION_COMMENTS = YES;
				CLANG_WARN_EMPTY_BODY = YES;
				CLANG_WARN_ENUM_CONVERSION = YES;
				CLANG_WARN_INFINITE_RECURSION = YES;
				CLANG_WARN_INT_CONVERSION = YES;
				CLANG_WARN_OBJC_ROOT_CLASS = YES_ERROR;
				CLANG_WARN_SUSPICIOUS_MOVE = YES;
				CLANG_WARN_UNREACHABLE_CODE = YES;
				CLANG_WARN__DUPLICATE_METHOD_MATCH = YES;
				CODE_SIGN_IDENTITY = "-";
				COPY_PHASE_STRIP = NO;
				DEBUG_INFORMATION_FORMAT = "dwarf-with-dsym";
				ENABLE_NS_ASSERTIONS = NO;
				ENABLE_STRICT_OBJC_MSGSEND = YES;
				GCC_C_LANGUAGE_STANDARD = gnu99;
				GCC_NO_COMMON_BLOCKS = YES;
				GCC_WARN_64_TO_32_BIT_CONVERSION = YES;
				GCC_WARN_ABOUT_RETURN_TYPE = YES_ERROR;
				GCC_WARN_UNDECLARED_SELECTOR = YES;
				GCC_WARN_UNINITIALIZED_AUTOS = YES_AGGRESSIVE;
				GCC_WARN_UNUSED_FUNCTION = YES;
				GCC_WARN_UNUSED_VARIABLE = YES;
				MACOSX_DEPLOYMENT_TARGET = 10.12;
				MTL_ENABLE_DEBUG_INFO = NO;
				SDKROOT = macosx;
				SWIFT_OPTIMIZATION_LEVEL = "-Owholemodule";
				SWIFT_VERSION = 3.0;
			};
			name = Release;
		};
		6169AD511F49E63E0016B252 /* Debug */ = {
			isa = XCBuildConfiguration;
			buildSettings = {
				ASSETCATALOG_COMPILER_APPICON_NAME = AppIcon;
				COMBINE_HIDPI_IMAGES = YES;
				DEVELOPMENT_TEAM = TFF2HTL4NS;
				INFOPLIST_FILE = "Kuru_TcpDump-scan/Info.plist";
				LD_RUNPATH_SEARCH_PATHS = "$(inherited) @executable_path/../Frameworks";
				MACOSX_DEPLOYMENT_TARGET = 10.12;
				PRODUCT_BUNDLE_IDENTIFIER = "Talaiot.Kuru-TcpDump-scan";
				PRODUCT_NAME = "$(TARGET_NAME)";
				SWIFT_VERSION = 3.0;
			};
			name = Debug;
		};
		6169AD521F49E63E0016B252 /* Release */ = {
			isa = XCBuildConfiguration;
			buildSettings = {
				ASSETCATALOG_COMPILER_APPICON_NAME = AppIcon;
				COMBINE_HIDPI_IMAGES = YES;
				DEVELOPMENT_TEAM = TFF2HTL4NS;
				INFOPLIST_FILE = "Kuru_TcpDump-scan/Info.plist";
				LD_RUNPATH_SEARCH_PATHS = "$(inherited) @executable_path/../Frameworks";
				MACOSX_DEPLOYMENT_TARGET = 10.12;
				PRODUCT_BUNDLE_IDENTIFIER = "Talaiot.Kuru-TcpDump-scan";
				PRODUCT_NAME = "$(TARGET_NAME)";
				SWIFT_VERSION = 3.0;
			};
			name = Release;
		};
/* End XCBuildConfiguration section */

/* Begin XCConfigurationList section */
		6169AD391F49E63D0016B252 /* Build configuration list for PBXProject "Kuru_TcpDump-scan" */ = {
			isa = XCConfigurationList;
			buildConfigurations = (
				6169AD4E1F49E63E0016B252 /* Debug */,
				6169AD4F1F49E63E0016B252 /* Release */,
			);
			defaultConfigurationIsVisible = 0;
			defaultConfigurationName = Release;
		};
		6169AD501F49E63E0016B252 /* Build configuration list for PBXNativeTarget "Kuru_TcpDump-scan" */ = {
			isa = XCConfigurationList;
			buildConfigurations = (
				6169AD511F49E63E0016B252 /* Debug */,
				6169AD521F49E63E0016B252 /* Release */,
			);
			defaultConfigurationIsVisible = 0;
			defaultConfigurationName = Release;
		};
/* End XCConfigurationList section */

/* Begin XCVersionGroup section */
		6193F08D1F59E6720026C254 /* Kuru_NetHunter.xcdatamodeld */ = {
			isa = XCVersionGroup;
			children = (
				6193F08E1F59E6720026C254 /* Kuru_NetHunter.xcdatamodel */,
			);
			currentVersion = 6193F08E1F59E6720026C254 /* Kuru_NetHunter.xcdatamodel */;
			path = Kuru_NetHunter.xcdatamodeld;
			sourceTree = "<group>";
			versionGroupType = wrapper.xcdatamodel;
		};
/* End XCVersionGroup section */
	};
	rootObject = 6169AD361F49E63D0016B252 /* Project object */;
}
